
Microsoft Visual Studio Solution File, Format Version 12.00
# Visual Studio Version 16
VisualStudioVersion = 16.0.29409.12
MinimumVisualStudioVersion = 10.0.40219.1
Project("{FAE04EC0-301F-11D3-BF4B-00C04F79EFBC}") = "Day1", "Day1\Day1.csproj", "{AC6E3A04-60EB-4DB8-A5AD-71681C0A35DB}"
EndProject
Project("{FAE04EC0-301F-11D3-BF4B-00C04F79EFBC}") = "Day2", "Day2\Day2.csproj", "{C6FFDC80-826F-4E6B-BA2F-50877F2BC26E}"
EndProject
Global
	GlobalSection(SolutionConfigurationPlatforms) = preSolution
		Debug|Any CPU = Debug|Any CPU
		Release|Any CPU = Release|Any CPU
	EndGlobalSection
	GlobalSection(ProjectConfigurationPlatforms) = postSolution
		{AC6E3A04-60EB-4DB8-A5AD-71681C0A35DB}.Debug|Any CPU.ActiveCfg = Debug|Any CPU
		{AC6E3A04-60EB-4DB8-A5AD-71681C0A35DB}.Debug|Any CPU.Build.0 = Debug|Any CPU
		{AC6E3A04-60EB-4DB8-A5AD-71681C0A35DB}.Release|Any CPU.ActiveCfg = Release|Any CPU
		{AC6E3A04-60EB-4DB8-A5AD-71681C0A35DB}.Release|Any CPU.Build.0 = Release|Any CPU
		{C6FFDC80-826F-4E6B-BA2F-50877F2BC26E}.Debug|Any CPU.ActiveCfg = Debug|Any CPU
		{C6FFDC80-826F-4E6B-BA2F-50877F2BC26E}.Debug|Any CPU.Build.0 = Debug|Any CPU
		{C6FFDC80-826F-4E6B-BA2F-50877F2BC26E}.Release|Any CPU.ActiveCfg = Release|Any CPU
		{C6FFDC80-826F-4E6B-BA2F-50877F2BC26E}.Release|Any CPU.Build.0 = Release|Any CPU
	EndGlobalSection
	GlobalSection(SolutionProperties) = preSolution
		HideSolutionNode = FALSE
	EndGlobalSection
	GlobalSection(ExtensibilityGlobals) = postSolution
		SolutionGuid = {007528DE-ADC1-491E-805B-D4BD2A7A3113}
	EndGlobalSection
EndGlobal
